
Microsoft Visual Studio Solution File, Format Version 12.00
# Visual Studio Version 17
VisualStudioVersion = 17.7.34024.191
MinimumVisualStudioVersion = 10.0.40219.1
Project("{FAE04EC0-301F-11D3-BF4B-00C04F79EFBC}") = "AssignmentsHillaker", "AssignmentsHillaker.csproj", "{A7A0BA34-6D2A-4D96-894D-202C27775663}"
EndProject
Global
	GlobalSection(SolutionConfigurationPlatforms) = preSolution
		Debug|Any CPU = Debug|Any CPU
		Release|Any CPU = Release|Any CPU
	EndGlobalSection
	GlobalSection(ProjectConfigurationPlatforms) = postSolution
		{A7A0BA34-6D2A-4D96-894D-202C27775663}.Debug|Any CPU.ActiveCfg = Debug|Any CPU
		{A7A0BA34-6D2A-4D96-894D-202C27775663}.Debug|Any CPU.Build.0 = Debug|Any CPU
		{A7A0BA34-6D2A-4D96-894D-202C27775663}.Release|Any CPU.ActiveCfg = Release|Any CPU
		{A7A0BA34-6D2A-4D96-894D-202C27775663}.Release|Any CPU.Build.0 = Release|Any CPU
	EndGlobalSection
	GlobalSection(SolutionProperties) = preSolution
		HideSolutionNode = FALSE
	EndGlobalSection
	GlobalSection(ExtensibilityGlobals) = postSolution
		SolutionGuid = {4C520C7E-15B0-47CA-A123-D4A2E0E32E48}
	EndGlobalSection
EndGlobal
